schema: '2.0'
stages:
  split:
    cmd: python src/data/split_data.py
    deps:
    - path: data/raw/raw.csv
      hash: md5
      md5: 617b56af2992376d5c3e91ad80823898
      size: 333757
    - path: src/data/split_data.py
      hash: md5
      md5: 7aeb03c1ff2a12d3af93b873dd614a73
      size: 2641
    outs:
    - path: data/processed/X_test.csv
      hash: md5
      md5: b2af62a7e108b077aec89fa2622996db
      size: 52624
    - path: data/processed/X_train.csv
      hash: md5
      md5: 535251fa6c1a1d098cc7a36e0bd62f38
      size: 209468
    - path: data/processed/y_test.csv
      hash: md5
      md5: a051d29629c8bbb4cfb7e85c7f0315da
      size: 6456
    - path: data/processed/y_train.csv
      hash: md5
      md5: a9cd9d91da89f732843d72548f64ded3
      size: 25951
  normalize:
    cmd: python src/data/normalize_data.py
    deps:
    - path: data/processed/X_test.csv
      hash: md5
      md5: b2af62a7e108b077aec89fa2622996db
      size: 52624
    - path: data/processed/X_train.csv
      hash: md5
      md5: 535251fa6c1a1d098cc7a36e0bd62f38
      size: 209468
    - path: src/data/normalize_data.py
      hash: md5
      md5: 2d9b5ba11fbc1bd7669f1a3cb8447776
      size: 3339
    outs:
    - path: data/processed/X_test_scaled.csv
      hash: md5
      md5: 5e079189af6bd091d651a89fafb1c290
      size: 57026
    - path: data/processed/X_train_scaled.csv
      hash: md5
      md5: c1b80eb7f083888b625dd0369cf381f8
      size: 227497
    - path: models/scaler.pkl
      hash: md5
      md5: 74eec574304539f0e7c5aa449903b6e5
      size: 1175
  gridsearch:
    cmd: python src/models/gridsearch.py
    deps:
    - path: data/processed/X_train_scaled.csv
      hash: md5
      md5: c1b80eb7f083888b625dd0369cf381f8
      size: 227497
    - path: data/processed/y_train.csv
      hash: md5
      md5: a9cd9d91da89f732843d72548f64ded3
      size: 25951
    - path: src/models/gridsearch.py
      hash: md5
      md5: f3f99974b43348608a70759cf3a349ba
      size: 8163
    outs:
    - path: models/best_params.pkl
      hash: md5
      md5: 28c1b37df70a4f1dcfd1ec46936ed60f
      size: 1485795
  training:
    cmd: python src/models/train_model.py
    deps:
    - path: data/processed/X_train_scaled.csv
      hash: md5
      md5: c1b80eb7f083888b625dd0369cf381f8
      size: 227497
    - path: data/processed/y_train.csv
      hash: md5
      md5: a9cd9d91da89f732843d72548f64ded3
      size: 25951
    - path: models/best_params.pkl
      hash: md5
      md5: 28c1b37df70a4f1dcfd1ec46936ed60f
      size: 1485795
    - path: src/models/train_model.py
      hash: md5
      md5: e3c1b48667fef9120310fededa74a49c
      size: 5357
    outs:
    - path: models/trained_model.pkl
      hash: md5
      md5: 49282a3cd3954a223583371d60db6908
      size: 1485834
